// !$*UTF8*$!
{
	archiveVersion = 1;
	classes = {
	};
	objectVersion = 46;
	objects = {

/* Begin PBXBuildFile section */
		049714AB1BECB1ED0012A0AB /* AppDelegate.swift in Sources */ = {isa = PBXBuildFile; fileRef = 049714AA1BECB1ED0012A0AB /* AppDelegate.swift */; };
		049714AD1BECB1ED0012A0AB /* MasterViewController.swift in Sources */ = {isa = PBXBuildFile; fileRef = 049714AC1BECB1ED0012A0AB /* MasterViewController.swift */; };
		049714AF1BECB1ED0012A0AB /* DetailViewController.swift in Sources */ = {isa = PBXBuildFile; fileRef = 049714AE1BECB1ED0012A0AB /* DetailViewController.swift */; };
		049714B21BECB1ED0012A0AB /* Main.storyboard in Resources */ = {isa = PBXBuildFile; fileRef = 049714B01BECB1ED0012A0AB /* Main.storyboard */; };
		049714B41BECB1ED0012A0AB /* Assets.xcassets in Resources */ = {isa = PBXBuildFile; fileRef = 049714B31BECB1ED0012A0AB /* Assets.xcassets */; };
		049714B71BECB1ED0012A0AB /* LaunchScreen.storyboard in Resources */ = {isa = PBXBuildFile; fileRef = 049714B51BECB1ED0012A0AB /* LaunchScreen.storyboard */; };
		049714C21BECB1ED0012A0AB /* RetroTests.swift in Sources */ = {isa = PBXBuildFile; fileRef = 049714C11BECB1ED0012A0AB /* RetroTests.swift */; };
		049714CD1BECB1ED0012A0AB /* RetroUITests.swift in Sources */ = {isa = PBXBuildFile; fileRef = 049714CC1BECB1ED0012A0AB /* RetroUITests.swift */; };
		049714DB1BECB2030012A0AB /* Computers.plist in Resources */ = {isa = PBXBuildFile; fileRef = 049714DA1BECB2030012A0AB /* Computers.plist */; };
		049714DE1BECB4370012A0AB /* Apple_II_IMG_4212.jpg in Resources */ = {isa = PBXBuildFile; fileRef = 049714DD1BECB4370012A0AB /* Apple_II_IMG_4212.jpg */; };
		049714E01BECB4730012A0AB /* Atari-400-Comp.jpg in Resources */ = {isa = PBXBuildFile; fileRef = 049714DF1BECB4730012A0AB /* Atari-400-Comp.jpg */; };
		049714E21BECB4C60012A0AB /* ComputerDataSource.swift in Sources */ = {isa = PBXBuildFile; fileRef = 049714E11BECB4C60012A0AB /* ComputerDataSource.swift */; };
		049714E41BECB51E0012A0AB /* Computer.swift in Sources */ = {isa = PBXBuildFile; fileRef = 049714E31BECB51E0012A0AB /* Computer.swift */; };
/* End PBXBuildFile section */

/* Begin PBXContainerItemProxy section */
		049714BE1BECB1ED0012A0AB /* PBXContainerItemProxy */ = {
			isa = PBXContainerItemProxy;
			containerPortal = 0497149F1BECB1ED0012A0AB /* Project object */;
			proxyType = 1;
			remoteGlobalIDString = 049714A61BECB1ED0012A0AB;
			remoteInfo = Retro;
		};
		049714C91BECB1ED0012A0AB /* PBXContainerItemProxy */ = {
			isa = PBXContainerItemProxy;
			containerPortal = 0497149F1BECB1ED0012A0AB /* Project object */;
			proxyType = 1;
			remoteGlobalIDString = 049714A61BECB1ED0012A0AB;
			remoteInfo = Retro;
		};
/* End PBXContainerItemProxy section */

/* Begin PBXFileReference section */
		049714A71BECB1ED0012A0AB /* Retro.app */ = {isa = PBXFileReference; explicitFileType = wrapper.application; includeInIndex = 0; path = Retro.app; sourceTree = BUILT_PRODUCTS_DIR; };
		049714AA1BECB1ED0012A0AB /* AppDelegate.swift */ = {isa = PBXFileReference; lastKnownFileType = sourcecode.swift; path = AppDelegate.swift; sourceTree = "<group>"; };
		049714AC1BECB1ED0012A0AB /* MasterViewController.swift */ = {isa = PBXFileReference; lastKnownFileType = sourcecode.swift; path = MasterViewController.swift; sourceTree = "<group>"; };
		049714AE1BECB1ED0012A0AB /* DetailViewController.swift */ = {isa = PBXFileReference; lastKnownFileType = sourcecode.swift; path = DetailViewController.swift; sourceTree = "<group>"; };
		049714B11BECB1ED0012A0AB /* Base */ = {isa = PBXFileReference; lastKnownFileType = file.storyboard; name = Base; path = Base.lproj/Main.storyboard; sourceTree = "<group>"; };
		049714B31BECB1ED0012A0AB /* Assets.xcassets */ = {isa = PBXFileReference; lastKnownFileType = folder.assetcatalog; path = Assets.xcassets; sourceTree = "<group>"; };
		049714B61BECB1ED0012A0AB /* Base */ = {isa = PBXFileReference; lastKnownFileType = file.storyboard; name = Base; path = Base.lproj/LaunchScreen.storyboard; sourceTree = "<group>"; };
		049714B81BECB1ED0012A0AB /* Info.plist */ = {isa = PBXFileReference; lastKnownFileType = text.plist.xml; path = Info.plist; sourceTree = "<group>"; };
		049714BD1BECB1ED0012A0AB /* RetroTests.xctest */ = {isa = PBXFileReference; explicitFileType = wrapper.cfbundle; includeInIndex = 0; path = RetroTests.xctest; sourceTree = BUILT_PRODUCTS_DIR; };
		049714C11BECB1ED0012A0AB /* RetroTests.swift */ = {isa = PBXFileReference; lastKnownFileType = sourcecode.swift; path = RetroTests.swift; sourceTree = "<group>"; };
		049714C31BECB1ED0012A0AB /* Info.plist */ = {isa = PBXFileReference; lastKnownFileType = text.plist.xml; path = Info.plist; sourceTree = "<group>"; };
		049714C81BECB1ED0012A0AB /* RetroUITests.xctest */ = {isa = PBXFileReference; explicitFileType = wrapper.cfbundle; includeInIndex = 0; path = RetroUITests.xctest; sourceTree = BUILT_PRODUCTS_DIR; };
		049714CC1BECB1ED0012A0AB /* RetroUITests.swift */ = {isa = PBXFileReference; lastKnownFileType = sourcecode.swift; path = RetroUITests.swift; sourceTree = "<group>"; };
		049714CE1BECB1ED0012A0AB /* Info.plist */ = {isa = PBXFileReference; lastKnownFileType = text.plist.xml; path = Info.plist; sourceTree = "<group>"; };
		049714DA1BECB2030012A0AB /* Computers.plist */ = {isa = PBXFileReference; fileEncoding = 4; lastKnownFileType = text.plist.xml; path = Computers.plist; sourceTree = "<group>"; };
		049714DD1BECB4370012A0AB /* Apple_II_IMG_4212.jpg */ = {isa = PBXFileReference; lastKnownFileType = image.jpeg; path = Apple_II_IMG_4212.jpg; sourceTree = "<group>"; };
		049714DF1BECB4730012A0AB /* Atari-400-Comp.jpg */ = {isa = PBXFileReference; lastKnownFileType = image.jpeg; path = "Atari-400-Comp.jpg"; sourceTree = "<group>"; };
		049714E11BECB4C60012A0AB /* ComputerDataSource.swift */ = {isa = PBXFileReference; fileEncoding = 4; lastKnownFileType = sourcecode.swift; path = ComputerDataSource.swift; sourceTree = "<group>"; };
		049714E31BECB51E0012A0AB /* Computer.swift */ = {isa = PBXFileReference; fileEncoding = 4; lastKnownFileType = sourcecode.swift; path = Computer.swift; sourceTree = "<group>"; };
/* End PBXFileReference section */

/* Begin PBXFrameworksBuildPhase section */
		049714A41BECB1ED0012A0AB /* Frameworks */ = {
			isa = PBXFrameworksBuildPhase;
			buildActionMask = 2147483647;
			files = (
			);
			runOnlyForDeploymentPostprocessing = 0;
		};
		049714BA1BECB1ED0012A0AB /* Frameworks */ = {
			isa = PBXFrameworksBuildPhase;
			buildActionMask = 2147483647;
			files = (
			);
			runOnlyForDeploymentPostprocessing = 0;
		};
		049714C51BECB1ED0012A0AB /* Frameworks */ = {
			isa = PBXFrameworksBuildPhase;
			buildActionMask = 2147483647;
			files = (
			);
			runOnlyForDeploymentPostprocessing = 0;
		};
/* End PBXFrameworksBuildPhase section */

/* Begin PBXGroup section */
		0497149E1BECB1ED0012A0AB = {
			isa = PBXGroup;
			children = (
				049714A91BECB1ED0012A0AB /* Retro */,
				049714C01BECB1ED0012A0AB /* RetroTests */,
				049714CB1BECB1ED0012A0AB /* RetroUITests */,
				049714A81BECB1ED0012A0AB /* Products */,
			);
			sourceTree = "<group>";
		};
		049714A81BECB1ED0012A0AB /* Products */ = {
			isa = PBXGroup;
			children = (
				049714A71BECB1ED0012A0AB /* Retro.app */,
				049714BD1BECB1ED0012A0AB /* RetroTests.xctest */,
				049714C81BECB1ED0012A0AB /* RetroUITests.xctest */,
			);
			name = Products;
			sourceTree = "<group>";
		};
		049714A91BECB1ED0012A0AB /* Retro */ = {
			isa = PBXGroup;
			children = (
				049714AA1BECB1ED0012A0AB /* AppDelegate.swift */,
				049714E31BECB51E0012A0AB /* Computer.swift */,
				049714E11BECB4C60012A0AB /* ComputerDataSource.swift */,
				049714AC1BECB1ED0012A0AB /* MasterViewController.swift */,
				049714AE1BECB1ED0012A0AB /* DetailViewController.swift */,
				049714B01BECB1ED0012A0AB /* Main.storyboard */,
				049714B31BECB1ED0012A0AB /* Assets.xcassets */,
				049714B51BECB1ED0012A0AB /* LaunchScreen.storyboard */,
				049714B81BECB1ED0012A0AB /* Info.plist */,
				049714DA1BECB2030012A0AB /* Computers.plist */,
				049714DC1BECB41A0012A0AB /* Images */,
			);
			path = Retro;
			sourceTree = "<group>";
		};
		049714C01BECB1ED0012A0AB /* RetroTests */ = {
			isa = PBXGroup;
			children = (
				049714C11BECB1ED0012A0AB /* RetroTests.swift */,
				049714C31BECB1ED0012A0AB /* Info.plist */,
			);
			path = RetroTests;
			sourceTree = "<group>";
		};
		049714CB1BECB1ED0012A0AB /* RetroUITests */ = {
			isa = PBXGroup;
			children = (
				049714CC1BECB1ED0012A0AB /* RetroUITests.swift */,
				049714CE1BECB1ED0012A0AB /* Info.plist */,
			);
			path = RetroUITests;
			sourceTree = "<group>";
		};
		049714DC1BECB41A0012A0AB /* Images */ = {
			isa = PBXGroup;
			children = (
				049714DF1BECB4730012A0AB /* Atari-400-Comp.jpg */,
				049714DD1BECB4370012A0AB /* Apple_II_IMG_4212.jpg */,
			);
			path = Images;
			sourceTree = "<group>";
		};
/* End PBXGroup section */

/* Begin PBXNativeTarget section */
		049714A61BECB1ED0012A0AB /* Retro */ = {
			isa = PBXNativeTarget;
			buildConfigurationList = 049714D11BECB1ED0012A0AB /* Build configuration list for PBXNativeTarget "Retro" */;
			buildPhases = (
				049714A31BECB1ED0012A0AB /* Sources */,
				049714A41BECB1ED0012A0AB /* Frameworks */,
				049714A51BECB1ED0012A0AB /* Resources */,
			);
			buildRules = (
			);
			dependencies = (
			);
			name = Retro;
			productName = Retro;
			productReference = 049714A71BECB1ED0012A0AB /* Retro.app */;
			productType = "com.apple.product-type.application";
		};
		049714BC1BECB1ED0012A0AB /* RetroTests */ = {
			isa = PBXNativeTarget;
			buildConfigurationList = 049714D41BECB1ED0012A0AB /* Build configuration list for PBXNativeTarget "RetroTests" */;
			buildPhases = (
				049714B91BECB1ED0012A0AB /* Sources */,
				049714BA1BECB1ED0012A0AB /* Frameworks */,
				049714BB1BECB1ED0012A0AB /* Resources */,
			);
			buildRules = (
			);
			dependencies = (
				049714BF1BECB1ED0012A0AB /* PBXTargetDependency */,
			);
			name = RetroTests;
			productName = RetroTests;
			productReference = 049714BD1BECB1ED0012A0AB /* RetroTests.xctest */;
			productType = "com.apple.product-type.bundle.unit-test";
		};
		049714C71BECB1ED0012A0AB /* RetroUITests */ = {
			isa = PBXNativeTarget;
			buildConfigurationList = 049714D71BECB1ED0012A0AB /* Build configuration list for PBXNativeTarget "RetroUITests" */;
			buildPhases = (
				049714C41BECB1ED0012A0AB /* Sources */,
				049714C51BECB1ED0012A0AB /* Frameworks */,
				049714C61BECB1ED0012A0AB /* Resources */,
			);
			buildRules = (
			);
			dependencies = (
				049714CA1BECB1ED0012A0AB /* PBXTargetDependency */,
			);
			name = RetroUITests;
			productName = RetroUITests;
			productReference = 049714C81BECB1ED0012A0AB /* RetroUITests.xctest */;
			productType = "com.apple.product-type.bundle.ui-testing";
		};
/* End PBXNativeTarget section */

/* Begin PBXProject section */
		0497149F1BECB1ED0012A0AB /* Project object */ = {
			isa = PBXProject;
			attributes = {
				LastSwiftUpdateCheck = 0710;
				LastUpgradeCheck = 0710;
				ORGANIZATIONNAME = thoughtbot;
				TargetAttributes = {
					049714A61BECB1ED0012A0AB = {
						CreatedOnToolsVersion = 7.1;
					};
					049714BC1BECB1ED0012A0AB = {
						CreatedOnToolsVersion = 7.1;
						TestTargetID = 049714A61BECB1ED0012A0AB;
					};
					049714C71BECB1ED0012A0AB = {
						CreatedOnToolsVersion = 7.1;
						TestTargetID = 049714A61BECB1ED0012A0AB;
					};
				};
			};
			buildConfigurationList = 049714A21BECB1ED0012A0AB /* Build configuration list for PBXProject "Retro" */;
			compatibilityVersion = "Xcode 3.2";
			developmentRegion = English;
			hasScannedForEncodings = 0;
			knownRegions = (
				en,
				Base,
			);
			mainGroup = 0497149E1BECB1ED0012A0AB;
			productRefGroup = 049714A81BECB1ED0012A0AB /* Products */;
			projectDirPath = "";
			projectRoot = "";
			targets = (
				049714A61BECB1ED0012A0AB /* Retro */,
				049714BC1BECB1ED0012A0AB /* RetroTests */,
				049714C71BECB1ED0012A0AB /* RetroUITests */,
			);
		};
/* End PBXProject section */

/* Begin PBXResourcesBuildPhase section */
		049714A51BECB1ED0012A0AB /* Resources */ = {
			isa = PBXResourcesBuildPhase;
			buildActionMask = 2147483647;
			files = (
				049714B71BECB1ED0012A0AB /* LaunchScreen.storyboard in Resources */,
				049714B41BECB1ED0012A0AB /* Assets.xcassets in Resources */,
				049714B21BECB1ED0012A0AB /* Main.storyboard in Resources */,
				049714DB1BECB2030012A0AB /* Computers.plist in Resources */,
				049714DE1BECB4370012A0AB /* Apple_II_IMG_4212.jpg in Resources */,
				049714E01BECB4730012A0AB /* Atari-400-Comp.jpg in Resources */,
			);
			runOnlyForDeploymentPostprocessing = 0;
		};
		049714BB1BECB1ED0012A0AB /* Resources */ = {
			isa = PBXResourcesBuildPhase;
			buildActionMask = 2147483647;
			files = (
			);
			runOnlyForDeploymentPostprocessing = 0;
		};
		049714C61BECB1ED0012A0AB /* Resources */ = {
			isa = PBXResourcesBuildPhase;
			buildActionMask = 2147483647;
			files = (
			);
			runOnlyForDeploymentPostprocessing = 0;
		};
/* End PBXResourcesBuildPhase section */

/* Begin PBXSourcesBuildPhase section */
		049714A31BECB1ED0012A0AB /* Sources */ = {
			isa = PBXSourcesBuildPhase;
			buildActionMask = 2147483647;
			files = (
				049714AF1BECB1ED0012A0AB /* DetailViewController.swift in Sources */,
				049714E21BECB4C60012A0AB /* ComputerDataSource.swift in Sources */,
				049714E41BECB51E0012A0AB /* Computer.swift in Sources */,
				049714AD1BECB1ED0012A0AB /* MasterViewController.swift in Sources */,
				049714AB1BECB1ED0012A0AB /* AppDelegate.swift in Sources */,
			);
			runOnlyForDeploymentPostprocessing = 0;
		};
		049714B91BECB1ED0012A0AB /* Sources */ = {
			isa = PBXSourcesBuildPhase;
			buildActionMask = 2147483647;
			files = (
				049714C21BECB1ED0012A0AB /* RetroTests.swift in Sources */,
			);
			runOnlyForDeploymentPostprocessing = 0;
		};
		049714C41BECB1ED0012A0AB /* Sources */ = {
			isa = PBXSourcesBuildPhase;
			buildActionMask = 2147483647;
			files = (
				049714CD1BECB1ED0012A0AB /* RetroUITests.swift in Sources */,
			);
			runOnlyForDeploymentPostprocessing = 0;
		};
/* End PBXSourcesBuildPhase section */

/* Begin PBXTargetDependency section */
		049714BF1BECB1ED0012A0AB /* PBXTargetDependency */ = {
			isa = PBXTargetDependency;
			target = 049714A61BECB1ED0012A0AB /* Retro */;
			targetProxy = 049714BE1BECB1ED0012A0AB /* PBXContainerItemProxy */;
		};
		049714CA1BECB1ED0012A0AB /* PBXTargetDependency */ = {
			isa = PBXTargetDependency;
			target = 049714A61BECB1ED0012A0AB /* Retro */;
			targetProxy = 049714C91BECB1ED0012A0AB /* PBXContainerItemProxy */;
		};
/* End PBXTargetDependency section */

/* Begin PBXVariantGroup section */
		049714B01BECB1ED0012A0AB /* Main.storyboard */ = {
			isa = PBXVariantGroup;
			children = (
				049714B11BECB1ED0012A0AB /* Base */,
			);
			name = Main.storyboard;
			sourceTree = "<group>";
		};
		049714B51BECB1ED0012A0AB /* LaunchScreen.storyboard */ = {
			isa = PBXVariantGroup;
			children = (
				049714B61BECB1ED0012A0AB /* Base */,
			);
			name = LaunchScreen.storyboard;
			sourceTree = "<group>";
		};
/* End PBXVariantGroup section */

/* Begin XCBuildConfiguration section */
		049714CF1BECB1ED0012A0AB /* Debug */ = {
			isa = XCBuildConfiguration;
			buildSettings = {
				ALWAYS_SEARCH_USER_PATHS = NO;
				CLANG_CXX_LANGUAGE_STANDARD = "gnu++0x";
				CLANG_CXX_LIBRARY = "libc++";
				CLANG_ENABLE_MODULES = YES;
				CLANG_ENABLE_OBJC_ARC = YES;
				CLANG_WARN_BOOL_CONVERSION = YES;
				CLANG_WARN_CONSTANT_CONVERSION = YES;
				CLANG_WARN_DIRECT_OBJC_ISA_USAGE = YES_ERROR;
				CLANG_WARN_EMPTY_BODY = YES;
				CLANG_WARN_ENUM_CONVERSION = YES;
				CLANG_WARN_INT_CONVERSION = YES;
				CLANG_WARN_OBJC_ROOT_CLASS = YES_ERROR;
				CLANG_WARN_UNREACHABLE_CODE = YES;
				CLANG_WARN__DUPLICATE_METHOD_MATCH = YES;
				"CODE_SIGN_IDENTITY[sdk=iphoneos*]" = "iPhone Developer";
				COPY_PHASE_STRIP = NO;
				DEBUG_INFORMATION_FORMAT = dwarf;
				ENABLE_STRICT_OBJC_MSGSEND = YES;
				ENABLE_TESTABILITY = YES;
				GCC_C_LANGUAGE_STANDARD = gnu99;
				GCC_DYNAMIC_NO_PIC = NO;
				GCC_NO_COMMON_BLOCKS = YES;
				GCC_OPTIMIZATION_LEVEL = 0;
				GCC_PREPROCESSOR_DEFINITIONS = (
					"DEBUG=1",
					"$(inherited)",
				);
				GCC_WARN_64_TO_32_BIT_CONVERSION = YES;
				GCC_WARN_ABOUT_RETURN_TYPE = YES_ERROR;
				GCC_WARN_UNDECLARED_SELECTOR = YES;
				GCC_WARN_UNINITIALIZED_AUTOS = YES_AGGRESSIVE;
				GCC_WARN_UNUSED_FUNCTION = YES;
				GCC_WARN_UNUSED_VARIABLE = YES;
				IPHONEOS_DEPLOYMENT_TARGET = 9.1;
				MTL_ENABLE_DEBUG_INFO = YES;
				ONLY_ACTIVE_ARCH = YES;
				SDKROOT = iphoneos;
				SWIFT_OPTIMIZATION_LEVEL = "-Onone";
				TARGETED_DEVICE_FAMILY = "1,2";
			};
			name = Debug;
		};
		049714D01BECB1ED0012A0AB /* Release */ = {
			isa = XCBuildConfiguration;
			buildSettings = {
				ALWAYS_SEARCH_USER_PATHS = NO;
				CLANG_CXX_LANGUAGE_STANDARD = "gnu++0x";
				CLANG_CXX_LIBRARY = "libc++";
				CLANG_ENABLE_MODULES = YES;
				CLANG_ENABLE_OBJC_ARC = YES;
				CLANG_WARN_BOOL_CONVERSION = YES;
				CLANG_WARN_CONSTANT_CONVERSION = YES;
				CLANG_WARN_DIRECT_OBJC_ISA_USAGE = YES_ERROR;
				CLANG_WARN_EMPTY_BODY = YES;
				CLANG_WARN_ENUM_CONVERSION = YES;
				CLANG_WARN_INT_CONVERSION = YES;
				CLANG_WARN_OBJC_ROOT_CLASS = YES_ERROR;
				CLANG_WARN_UNREACHABLE_CODE = YES;
				CLANG_WARN__DUPLICATE_METHOD_MATCH = YES;
				"CODE_SIGN_IDENTITY[sdk=iphoneos*]" = "iPhone Developer";
				COPY_PHASE_STRIP = NO;
				DEBUG_INFORMATION_FORMAT = "dwarf-with-dsym";
				ENABLE_NS_ASSERTIONS = NO;
				ENABLE_STRICT_OBJC_MSGSEND = YES;
				GCC_C_LANGUAGE_STANDARD = gnu99;
				GCC_NO_COMMON_BLOCKS = YES;
				GCC_WARN_64_TO_32_BIT_CONVERSION = YES;
				GCC_WARN_ABOUT_RETURN_TYPE = YES_ERROR;
				GCC_WARN_UNDECLARED_SELECTOR = YES;
				GCC_WARN_UNINITIALIZED_AUTOS = YES_AGGRESSIVE;
				GCC_WARN_UNUSED_FUNCTION = YES;
				GCC_WARN_UNUSED_VARIABLE = YES;
				IPHONEOS_DEPLOYMENT_TARGET = 9.1;
				MTL_ENABLE_DEBUG_INFO = NO;
				SDKROOT = iphoneos;
				TARGETED_DEVICE_FAMILY = "1,2";
				VALIDATE_PRODUCT = YES;
			};
			name = Release;
		};
		049714D21BECB1ED0012A0AB /* Debug */ = {
			isa = XCBuildConfiguration;
			buildSettings = {
				ASSETCATALOG_COMPILER_APPICON_NAME = AppIcon;
				INFOPLIST_FILE = Retro/Info.plist;
				LD_RUNPATH_SEARCH_PATHS = "$(inherited) @executable_path/Frameworks";
				PRODUCT_BUNDLE_IDENTIFIER = com.thoughtbot.Retro;
				PRODUCT_NAME = "$(TARGET_NAME)";
			};
			name = Debug;
		};
		049714D31BECB1ED0012A0AB /* Release */ = {
			isa = XCBuildConfiguration;
			buildSettings = {
				ASSETCATALOG_COMPILER_APPICON_NAME = AppIcon;
				INFOPLIST_FILE = Retro/Info.plist;
				LD_RUNPATH_SEARCH_PATHS = "$(inherited) @executable_path/Frameworks";
				PRODUCT_BUNDLE_IDENTIFIER = com.thoughtbot.Retro;
				PRODUCT_NAME = "$(TARGET_NAME)";
			};
			name = Release;
		};
		049714D51BECB1ED0012A0AB /* Debug */ = {
			isa = XCBuildConfiguration;
			buildSettings = {
				BUNDLE_LOADER = "$(TEST_HOST)";
				INFOPLIST_FILE = RetroTests/Info.plist;
				LD_RUNPATH_SEARCH_PATHS = "$(inherited) @executable_path/Frameworks @loader_path/Frameworks";
				PRODUCT_BUNDLE_IDENTIFIER = com.thoughtbot.RetroTests;
				PRODUCT_NAME = "$(TARGET_NAME)";
				TEST_HOST = "$(BUILT_PRODUCTS_DIR)/Retro.app/Retro";
			};
			name = Debug;
		};
		049714D61BECB1ED0012A0AB /* Release */ = {
			isa = XCBuildConfiguration;
			buildSettings = {
				BUNDLE_LOADER = "$(TEST_HOST)";
				INFOPLIST_FILE = RetroTests/Info.plist;
				LD_RUNPATH_SEARCH_PATHS = "$(inherited) @executable_path/Frameworks @loader_path/Frameworks";
				PRODUCT_BUNDLE_IDENTIFIER = com.thoughtbot.RetroTests;
				PRODUCT_NAME = "$(TARGET_NAME)";
				TEST_HOST = "$(BUILT_PRODUCTS_DIR)/Retro.app/Retro";
			};
			name = Release;
		};
		049714D81BECB1ED0012A0AB /* Debug */ = {
			isa = XCBuildConfiguration;
			buildSettings = {
				INFOPLIST_FILE = RetroUITests/Info.plist;
				LD_RUNPATH_SEARCH_PATHS = "$(inherited) @executable_path/Frameworks @loader_path/Frameworks";
				PRODUCT_BUNDLE_IDENTIFIER = com.thoughtbot.RetroUITests;
				PRODUCT_NAME = "$(TARGET_NAME)";
				TEST_TARGET_NAME = Retro;
				USES_XCTRUNNER = YES;
			};
			name = Debug;
		};
		049714D91BECB1ED0012A0AB /* Release */ = {
			isa = XCBuildConfiguration;
			buildSettings = {
				INFOPLIST_FILE = RetroUITests/Info.plist;
				LD_RUNPATH_SEARCH_PATHS = "$(inherited) @executable_path/Frameworks @loader_path/Frameworks";
				PRODUCT_BUNDLE_IDENTIFIER = com.thoughtbot.RetroUITests;
				PRODUCT_NAME = "$(TARGET_NAME)";
				TEST_TARGET_NAME = Retro;
				USES_XCTRUNNER = YES;
			};
			name = Release;
		};
/* End XCBuildConfiguration section */

/* Begin XCConfigurationList section */
		049714A21BECB1ED0012A0AB /* Build configuration list for PBXProject "Retro" */ = {
			isa = XCConfigurationList;
			buildConfigurations = (
				049714CF1BECB1ED0012A0AB /* Debug */,
				049714D01BECB1ED0012A0AB /* Release */,
			);
			defaultConfigurationIsVisible = 0;
			defaultConfigurationName = Release;
		};
		049714D11BECB1ED0012A0AB /* Build configuration list for PBXNativeTarget "Retro" */ = {
			isa = XCConfigurationList;
			buildConfigurations = (
				049714D21BECB1ED0012A0AB /* Debug */,
				049714D31BECB1ED0012A0AB /* Release */,
			);
			defaultConfigurationIsVisible = 0;
		};
		049714D41BECB1ED0012A0AB /* Build configuration list for PBXNativeTarget "RetroTests" */ = {
			isa = XCConfigurationList;
			buildConfigurations = (
				049714D51BECB1ED0012A0AB /* Debug */,
				049714D61BECB1ED0012A0AB /* Release */,
			);
			defaultConfigurationIsVisible = 0;
		};
		049714D71BECB1ED0012A0AB /* Build configuration list for PBXNativeTarget "RetroUITests" */ = {
			isa = XCConfigurationList;
			buildConfigurations = (
				049714D81BECB1ED0012A0AB /* Debug */,
				049714D91BECB1ED0012A0AB /* Release */,
			);
			defaultConfigurationIsVisible = 0;
		};
/* End XCConfigurationList section */
	};
	rootObject = 0497149F1BECB1ED0012A0AB /* Project object */;
}
